
Microsoft Visual Studio Solution File, Format Version 12.00
# TcXaeShell Solution File, Format Version 11.00
VisualStudioVersion = 17.7.34302.85
MinimumVisualStudioVersion = 10.0.40219.1
Project("{B1E792BE-AA5F-4E3C-8C82-674BF9C0715B}") = "TC_PLC_MOTION_EXTERN_SIMPLE", "TC_PLC_MOTION_EXTERN_SIMPLE\TC_PLC_MOTION_EXTERN_SIMPLE.tsproj", "{BEAF183D-6DCE-4941-8A68-C701B6147527}"
EndProject
Global
	GlobalSection(SolutionConfigurationPlatforms) = preSolution
		Debug|TwinCAT OS (ARMV7-A) = Debug|TwinCAT OS (ARMV7-A)
		Debug|TwinCAT OS (ARMV7-M) = Debug|TwinCAT OS (ARMV7-M)
		Debug|TwinCAT OS (ARMV8-A) = Debug|TwinCAT OS (ARMV8-A)
		Debug|TwinCAT OS (x64) = Debug|TwinCAT OS (x64)
		Debug|TwinCAT OS (x64-E) = Debug|TwinCAT OS (x64-E)
		Debug|TwinCAT RT (x64) = Debug|TwinCAT RT (x64)
		Debug|TwinCAT RT (x86) = Debug|TwinCAT RT (x86)
		Release|TwinCAT OS (ARMV7-A) = Release|TwinCAT OS (ARMV7-A)
		Release|TwinCAT OS (ARMV7-M) = Release|TwinCAT OS (ARMV7-M)
		Release|TwinCAT OS (ARMV8-A) = Release|TwinCAT OS (ARMV8-A)
		Release|TwinCAT OS (x64) = Release|TwinCAT OS (x64)
		Release|TwinCAT OS (x64-E) = Release|TwinCAT OS (x64-E)
		Release|TwinCAT RT (x64) = Release|TwinCAT RT (x64)
		Release|TwinCAT RT (x86) = Release|TwinCAT RT (x86)
	EndGlobalSection
	GlobalSection(ProjectConfigurationPlatforms) = postSolution
		{BEAF183D-6DCE-4941-8A68-C701B6147527}.Debug|TwinCAT OS (ARMV7-A).ActiveCfg = Debug|TwinCAT OS (ARMV7-A)
		{BEAF183D-6DCE-4941-8A68-C701B6147527}.Debug|TwinCAT OS (ARMV7-A).Build.0 = Debug|TwinCAT OS (ARMV7-A)
		{BEAF183D-6DCE-4941-8A68-C701B6147527}.Debug|TwinCAT OS (ARMV7-M).ActiveCfg = Debug|TwinCAT OS (ARMV7-M)
		{BEAF183D-6DCE-4941-8A68-C701B6147527}.Debug|TwinCAT OS (ARMV7-M).Build.0 = Debug|TwinCAT OS (ARMV7-M)
		{BEAF183D-6DCE-4941-8A68-C701B6147527}.Debug|TwinCAT OS (ARMV8-A).ActiveCfg = Debug|TwinCAT OS (ARMV8-A)
		{BEAF183D-6DCE-4941-8A68-C701B6147527}.Debug|TwinCAT OS (ARMV8-A).Build.0 = Debug|TwinCAT OS (ARMV8-A)
		{BEAF183D-6DCE-4941-8A68-C701B6147527}.Debug|TwinCAT OS (x64).ActiveCfg = Debug|TwinCAT OS (x64)
		{BEAF183D-6DCE-4941-8A68-C701B6147527}.Debug|TwinCAT OS (x64).Build.0 = Debug|TwinCAT OS (x64)
		{BEAF183D-6DCE-4941-8A68-C701B6147527}.Debug|TwinCAT OS (x64-E).ActiveCfg = Debug|TwinCAT OS (x64-E)
		{BEAF183D-6DCE-4941-8A68-C701B6147527}.Debug|TwinCAT OS (x64-E).Build.0 = Debug|TwinCAT OS (x64-E)
		{BEAF183D-6DCE-4941-8A68-C701B6147527}.Debug|TwinCAT RT (x64).ActiveCfg = Debug|TwinCAT RT (x64)
		{BEAF183D-6DCE-4941-8A68-C701B6147527}.Debug|TwinCAT RT (x64).Build.0 = Debug|TwinCAT RT (x64)
		{BEAF183D-6DCE-4941-8A68-C701B6147527}.Debug|TwinCAT RT (x86).ActiveCfg = Debug|TwinCAT RT (x86)
		{BEAF183D-6DCE-4941-8A68-C701B6147527}.Debug|TwinCAT RT (x86).Build.0 = Debug|TwinCAT RT (x86)
		{BEAF183D-6DCE-4941-8A68-C701B6147527}.Release|TwinCAT OS (ARMV7-A).ActiveCfg = Release|TwinCAT OS (ARMV7-A)
		{BEAF183D-6DCE-4941-8A68-C701B6147527}.Release|TwinCAT OS (ARMV7-A).Build.0 = Release|TwinCAT OS (ARMV7-A)
		{BEAF183D-6DCE-4941-8A68-C701B6147527}.Release|TwinCAT OS (ARMV7-M).ActiveCfg = Release|TwinCAT OS (ARMV7-M)
		{BEAF183D-6DCE-4941-8A68-C701B6147527}.Release|TwinCAT OS (ARMV7-M).Build.0 = Release|TwinCAT OS (ARMV7-M)
		{BEAF183D-6DCE-4941-8A68-C701B6147527}.Release|TwinCAT OS (ARMV8-A).ActiveCfg = Release|TwinCAT OS (ARMV8-A)
		{BEAF183D-6DCE-4941-8A68-C701B6147527}.Release|TwinCAT OS (ARMV8-A).Build.0 = Release|TwinCAT OS (ARMV8-A)
		{BEAF183D-6DCE-4941-8A68-C701B6147527}.Release|TwinCAT OS (x64).ActiveCfg = Release|TwinCAT OS (x64)
		{BEAF183D-6DCE-4941-8A68-C701B6147527}.Release|TwinCAT OS (x64).Build.0 = Release|TwinCAT OS (x64)
		{BEAF183D-6DCE-4941-8A68-C701B6147527}.Release|TwinCAT OS (x64-E).ActiveCfg = Release|TwinCAT OS (x64-E)
		{BEAF183D-6DCE-4941-8A68-C701B6147527}.Release|TwinCAT OS (x64-E).Build.0 = Release|TwinCAT OS (x64-E)
		{BEAF183D-6DCE-4941-8A68-C701B6147527}.Release|TwinCAT RT (x64).ActiveCfg = Release|TwinCAT RT (x64)
		{BEAF183D-6DCE-4941-8A68-C701B6147527}.Release|TwinCAT RT (x64).Build.0 = Release|TwinCAT RT (x64)
		{BEAF183D-6DCE-4941-8A68-C701B6147527}.Release|TwinCAT RT (x86).ActiveCfg = Release|TwinCAT RT (x86)
		{BEAF183D-6DCE-4941-8A68-C701B6147527}.Release|TwinCAT RT (x86).Build.0 = Release|TwinCAT RT (x86)
		{15B1A673-79C3-4349-91F3-F549A08073E6}.Debug|TwinCAT OS (ARMV7-A).ActiveCfg = Debug|TwinCAT OS (ARMV7-A)
		{15B1A673-79C3-4349-91F3-F549A08073E6}.Debug|TwinCAT OS (ARMV7-A).Build.0 = Debug|TwinCAT OS (ARMV7-A)
		{15B1A673-79C3-4349-91F3-F549A08073E6}.Debug|TwinCAT OS (ARMV7-M).ActiveCfg = Debug|TwinCAT OS (ARMV7-M)
		{15B1A673-79C3-4349-91F3-F549A08073E6}.Debug|TwinCAT OS (ARMV7-M).Build.0 = Debug|TwinCAT OS (ARMV7-M)
		{15B1A673-79C3-4349-91F3-F549A08073E6}.Debug|TwinCAT OS (ARMV8-A).ActiveCfg = Debug|TwinCAT OS (ARMV8-A)
		{15B1A673-79C3-4349-91F3-F549A08073E6}.Debug|TwinCAT OS (ARMV8-A).Build.0 = Debug|TwinCAT OS (ARMV8-A)
		{15B1A673-79C3-4349-91F3-F549A08073E6}.Debug|TwinCAT OS (x64).ActiveCfg = Debug|TwinCAT OS (x64)
		{15B1A673-79C3-4349-91F3-F549A08073E6}.Debug|TwinCAT OS (x64).Build.0 = Debug|TwinCAT OS (x64)
		{15B1A673-79C3-4349-91F3-F549A08073E6}.Debug|TwinCAT OS (x64-E).ActiveCfg = Debug|TwinCAT OS (x64-E)
		{15B1A673-79C3-4349-91F3-F549A08073E6}.Debug|TwinCAT OS (x64-E).Build.0 = Debug|TwinCAT OS (x64-E)
		{15B1A673-79C3-4349-91F3-F549A08073E6}.Debug|TwinCAT RT (x64).ActiveCfg = Debug|TwinCAT RT (x64)
		{15B1A673-79C3-4349-91F3-F549A08073E6}.Debug|TwinCAT RT (x64).Build.0 = Debug|TwinCAT RT (x64)
		{15B1A673-79C3-4349-91F3-F549A08073E6}.Debug|TwinCAT RT (x86).ActiveCfg = Debug|TwinCAT RT (x86)
		{15B1A673-79C3-4349-91F3-F549A08073E6}.Debug|TwinCAT RT (x86).Build.0 = Debug|TwinCAT RT (x86)
		{15B1A673-79C3-4349-91F3-F549A08073E6}.Release|TwinCAT OS (ARMV7-A).ActiveCfg = Release|TwinCAT OS (ARMV7-A)
		{15B1A673-79C3-4349-91F3-F549A08073E6}.Release|TwinCAT OS (ARMV7-A).Build.0 = Release|TwinCAT OS (ARMV7-A)
		{15B1A673-79C3-4349-91F3-F549A08073E6}.Release|TwinCAT OS (ARMV7-M).ActiveCfg = Release|TwinCAT OS (ARMV7-M)
		{15B1A673-79C3-4349-91F3-F549A08073E6}.Release|TwinCAT OS (ARMV7-M).Build.0 = Release|TwinCAT OS (ARMV7-M)
		{15B1A673-79C3-4349-91F3-F549A08073E6}.Release|TwinCAT OS (ARMV8-A).ActiveCfg = Release|TwinCAT OS (ARMV8-A)
		{15B1A673-79C3-4349-91F3-F549A08073E6}.Release|TwinCAT OS (ARMV8-A).Build.0 = Release|TwinCAT OS (ARMV8-A)
		{15B1A673-79C3-4349-91F3-F549A08073E6}.Release|TwinCAT OS (x64).ActiveCfg = Release|TwinCAT OS (x64)
		{15B1A673-79C3-4349-91F3-F549A08073E6}.Release|TwinCAT OS (x64).Build.0 = Release|TwinCAT OS (x64)
		{15B1A673-79C3-4349-91F3-F549A08073E6}.Release|TwinCAT OS (x64-E).ActiveCfg = Release|TwinCAT OS (x64-E)
		{15B1A673-79C3-4349-91F3-F549A08073E6}.Release|TwinCAT OS (x64-E).Build.0 = Release|TwinCAT OS (x64-E)
		{15B1A673-79C3-4349-91F3-F549A08073E6}.Release|TwinCAT RT (x64).ActiveCfg = Release|TwinCAT RT (x64)
		{15B1A673-79C3-4349-91F3-F549A08073E6}.Release|TwinCAT RT (x64).Build.0 = Release|TwinCAT RT (x64)
		{15B1A673-79C3-4349-91F3-F549A08073E6}.Release|TwinCAT RT (x86).ActiveCfg = Release|TwinCAT RT (x86)
		{15B1A673-79C3-4349-91F3-F549A08073E6}.Release|TwinCAT RT (x86).Build.0 = Release|TwinCAT RT (x86)
		{FF61B10C-B72E-4A7C-A8B2-8A4CC1B13313}.Debug|TwinCAT OS (ARMV7-A).ActiveCfg = Debug|TwinCAT OS (ARMV7-A)
		{FF61B10C-B72E-4A7C-A8B2-8A4CC1B13313}.Debug|TwinCAT OS (ARMV7-A).Build.0 = Debug|TwinCAT OS (ARMV7-A)
		{FF61B10C-B72E-4A7C-A8B2-8A4CC1B13313}.Debug|TwinCAT OS (ARMV7-M).ActiveCfg = Debug|TwinCAT OS (ARMV7-M)
		{FF61B10C-B72E-4A7C-A8B2-8A4CC1B13313}.Debug|TwinCAT OS (ARMV7-M).Build.0 = Debug|TwinCAT OS (ARMV7-M)
		{FF61B10C-B72E-4A7C-A8B2-8A4CC1B13313}.Debug|TwinCAT OS (ARMV8-A).ActiveCfg = Debug|TwinCAT OS (ARMV8-A)
		{FF61B10C-B72E-4A7C-A8B2-8A4CC1B13313}.Debug|TwinCAT OS (ARMV8-A).Build.0 = Debug|TwinCAT OS (ARMV8-A)
		{FF61B10C-B72E-4A7C-A8B2-8A4CC1B13313}.Debug|TwinCAT OS (x64).ActiveCfg = Debug|TwinCAT OS (x64)
		{FF61B10C-B72E-4A7C-A8B2-8A4CC1B13313}.Debug|TwinCAT OS (x64).Build.0 = Debug|TwinCAT OS (x64)
		{FF61B10C-B72E-4A7C-A8B2-8A4CC1B13313}.Debug|TwinCAT OS (x64-E).ActiveCfg = Debug|TwinCAT OS (x64-E)
		{FF61B10C-B72E-4A7C-A8B2-8A4CC1B13313}.Debug|TwinCAT OS (x64-E).Build.0 = Debug|TwinCAT OS (x64-E)
		{FF61B10C-B72E-4A7C-A8B2-8A4CC1B13313}.Debug|TwinCAT RT (x64).ActiveCfg = Debug|TwinCAT RT (x64)
		{FF61B10C-B72E-4A7C-A8B2-8A4CC1B13313}.Debug|TwinCAT RT (x64).Build.0 = Debug|TwinCAT RT (x64)
		{FF61B10C-B72E-4A7C-A8B2-8A4CC1B13313}.Debug|TwinCAT RT (x86).ActiveCfg = Debug|TwinCAT RT (x86)
		{FF61B10C-B72E-4A7C-A8B2-8A4CC1B13313}.Debug|TwinCAT RT (x86).Build.0 = Debug|TwinCAT RT (x86)
		{FF61B10C-B72E-4A7C-A8B2-8A4CC1B13313}.Release|TwinCAT OS (ARMV7-A).ActiveCfg = Release|TwinCAT OS (ARMV7-A)
		{FF61B10C-B72E-4A7C-A8B2-8A4CC1B13313}.Release|TwinCAT OS (ARMV7-A).Build.0 = Release|TwinCAT OS (ARMV7-A)
		{FF61B10C-B72E-4A7C-A8B2-8A4CC1B13313}.Release|TwinCAT OS (ARMV7-M).ActiveCfg = Release|TwinCAT OS (ARMV7-M)
		{FF61B10C-B72E-4A7C-A8B2-8A4CC1B13313}.Release|TwinCAT OS (ARMV7-M).Build.0 = Release|TwinCAT OS (ARMV7-M)
		{FF61B10C-B72E-4A7C-A8B2-8A4CC1B13313}.Release|TwinCAT OS (ARMV8-A).ActiveCfg = Release|TwinCAT OS (ARMV8-A)
		{FF61B10C-B72E-4A7C-A8B2-8A4CC1B13313}.Release|TwinCAT OS (ARMV8-A).Build.0 = Release|TwinCAT OS (ARMV8-A)
		{FF61B10C-B72E-4A7C-A8B2-8A4CC1B13313}.Release|TwinCAT OS (x64).ActiveCfg = Release|TwinCAT OS (x64)
		{FF61B10C-B72E-4A7C-A8B2-8A4CC1B13313}.Release|TwinCAT OS (x64).Build.0 = Release|TwinCAT OS (x64)
		{FF61B10C-B72E-4A7C-A8B2-8A4CC1B13313}.Release|TwinCAT OS (x64-E).ActiveCfg = Release|TwinCAT OS (x64-E)
		{FF61B10C-B72E-4A7C-A8B2-8A4CC1B13313}.Release|TwinCAT OS (x64-E).Build.0 = Release|TwinCAT OS (x64-E)
		{FF61B10C-B72E-4A7C-A8B2-8A4CC1B13313}.Release|TwinCAT RT (x64).ActiveCfg = Release|TwinCAT RT (x64)
		{FF61B10C-B72E-4A7C-A8B2-8A4CC1B13313}.Release|TwinCAT RT (x64).Build.0 = Release|TwinCAT RT (x64)
		{FF61B10C-B72E-4A7C-A8B2-8A4CC1B13313}.Release|TwinCAT RT (x86).ActiveCfg = Release|TwinCAT RT (x86)
		{FF61B10C-B72E-4A7C-A8B2-8A4CC1B13313}.Release|TwinCAT RT (x86).Build.0 = Release|TwinCAT RT (x86)
	EndGlobalSection
	GlobalSection(SolutionProperties) = preSolution
		HideSolutionNode = FALSE
	EndGlobalSection
	GlobalSection(ExtensibilityGlobals) = postSolution
		SolutionGuid = {073C3852-169E-491E-A1AF-110877FEC5F6}
	EndGlobalSection
EndGlobal
